github.com/akhenakh/mvtgo v0.0.0-20260426004454-bc6e3d2e2fd2 h1:LMYDm1Vmkcyi4EIfQtATvMYPtL/mbxcyGKKhcXI7PdQ=
github.com/akhenakh/mvtgo v0.0.0-20260426004454-bc6e3d2e2fd2/go.mod h1:tFQaflbArkRqYqduzCEEwrVGQseV6y5DPePa5YuHE2U=
github.com/peterstace/simplefeatures v0.59.0 h1:pmn+uh75K3CCGsJCLHnpBqgQmDECLYX3u5hfymVbqmQ=
github.com/peterstace/simplefeatures v0.59.0/go.mod h1:0QH884YeU4jOeM6Bh7EDdDFyYU1L0I0QONxwwFiknqc=
